{
  "name": "suiteql-cli",
  "version": "1.0.4",
  "lockfileVersion": 3,
  "requires": true,
  "packages": {
    "": {
      "name": "suiteql-cli",
      "version": "1.0.4",
      "license": "ISC",
      "bin": {
        "suiteql": "dist/index.js"
      },
      "engines": {
        "node": ">=21.7.3"
      }
    }
  }
}
